
Microsoft Visual Studio Solution File, Format Version 12.00
# Visual Studio Version 17
VisualStudioVersion = 17.0.31903.59
MinimumVisualStudioVersion = 10.0.40219.1
Project("{FAE04EC0-301F-11D3-BF4B-00C04F79EFBC}") = "CountdownSong", "CountdownSong\CountdownSong.csproj", "{5C19409E-C9CE-4A0E-930E-6B835E982F1A}"
EndProject
Project("{FAE04EC0-301F-11D3-BF4B-00C04F79EFBC}") = "Singer", "Singer\Singer.csproj", "{0A4698FE-15E6-4BB6-B386-D06382048600}"
EndProject
Project("{FAE04EC0-301F-11D3-BF4B-00C04F79EFBC}") = "CountdownSongTest", "CountdownSongTest\CountdownSongTest.csproj", "{3C2B0EA5-5F69-481B-BA47-38506A15E7C0}"
EndProject
Global
	GlobalSection(SolutionConfigurationPlatforms) = preSolution
		Debug|Any CPU = Debug|Any CPU
		Release|Any CPU = Release|Any CPU
	EndGlobalSection
	GlobalSection(SolutionProperties) = preSolution
		HideSolutionNode = FALSE
	EndGlobalSection
	GlobalSection(ProjectConfigurationPlatforms) = postSolution
		{5C19409E-C9CE-4A0E-930E-6B835E982F1A}.Debug|Any CPU.ActiveCfg = Debug|Any CPU
		{5C19409E-C9CE-4A0E-930E-6B835E982F1A}.Debug|Any CPU.Build.0 = Debug|Any CPU
		{5C19409E-C9CE-4A0E-930E-6B835E982F1A}.Release|Any CPU.ActiveCfg = Release|Any CPU
		{5C19409E-C9CE-4A0E-930E-6B835E982F1A}.Release|Any CPU.Build.0 = Release|Any CPU
		{0A4698FE-15E6-4BB6-B386-D06382048600}.Debug|Any CPU.ActiveCfg = Debug|Any CPU
		{0A4698FE-15E6-4BB6-B386-D06382048600}.Debug|Any CPU.Build.0 = Debug|Any CPU
		{0A4698FE-15E6-4BB6-B386-D06382048600}.Release|Any CPU.ActiveCfg = Release|Any CPU
		{0A4698FE-15E6-4BB6-B386-D06382048600}.Release|Any CPU.Build.0 = Release|Any CPU
		{3C2B0EA5-5F69-481B-BA47-38506A15E7C0}.Debug|Any CPU.ActiveCfg = Debug|Any CPU
		{3C2B0EA5-5F69-481B-BA47-38506A15E7C0}.Debug|Any CPU.Build.0 = Debug|Any CPU
		{3C2B0EA5-5F69-481B-BA47-38506A15E7C0}.Release|Any CPU.ActiveCfg = Release|Any CPU
		{3C2B0EA5-5F69-481B-BA47-38506A15E7C0}.Release|Any CPU.Build.0 = Release|Any CPU
	EndGlobalSection
EndGlobal
